
Microsoft Visual Studio Solution File, Format Version 12.00
# Visual Studio Version 16
VisualStudioVersion = 16.0.33214.272
MinimumVisualStudioVersion = 10.0.40219.1
Project("{FAE04EC0-301F-11D3-BF4B-00C04F79EFBC}") = "Угрюмова ОА практика 12.2", "Угрюмова ОА практика 12.2.csproj", "{9172FF68-74A0-4A32-A5E0-8D53AD8485AB}"
EndProject
Global
	GlobalSection(SolutionConfigurationPlatforms) = preSolution
		Debug|Any CPU = Debug|Any CPU
		Release|Any CPU = Release|Any CPU
	EndGlobalSection
	GlobalSection(ProjectConfigurationPlatforms) = postSolution
		{9172FF68-74A0-4A32-A5E0-8D53AD8485AB}.Debug|Any CPU.ActiveCfg = Debug|Any CPU
		{9172FF68-74A0-4A32-A5E0-8D53AD8485AB}.Debug|Any CPU.Build.0 = Debug|Any CPU
		{9172FF68-74A0-4A32-A5E0-8D53AD8485AB}.Release|Any CPU.ActiveCfg = Release|Any CPU
		{9172FF68-74A0-4A32-A5E0-8D53AD8485AB}.Release|Any CPU.Build.0 = Release|Any CPU
	EndGlobalSection
	GlobalSection(SolutionProperties) = preSolution
		HideSolutionNode = FALSE
	EndGlobalSection
	GlobalSection(ExtensibilityGlobals) = postSolution
		SolutionGuid = {59329A31-FDA3-4E9A-A906-98976D428624}
	EndGlobalSection
EndGlobal
